
Microsoft Visual Studio Solution File, Format Version 12.00
Project("{FAE04EC0-301F-11D3-BF4B-00C04F79EFBC}") = "LearnLinq2", "LearnLinq2.csproj", "{93A0EA11-7E52-4E7E-B85F-2B14CF640ABC}"
EndProject
Global
	GlobalSection(SolutionConfigurationPlatforms) = preSolution
		Debug|Any CPU = Debug|Any CPU
		Release|Any CPU = Release|Any CPU
	EndGlobalSection
	GlobalSection(ProjectConfigurationPlatforms) = postSolution
		{93A0EA11-7E52-4E7E-B85F-2B14CF640ABC}.Debug|Any CPU.ActiveCfg = Debug|Any CPU
		{93A0EA11-7E52-4E7E-B85F-2B14CF640ABC}.Debug|Any CPU.Build.0 = Debug|Any CPU
		{93A0EA11-7E52-4E7E-B85F-2B14CF640ABC}.Release|Any CPU.ActiveCfg = Release|Any CPU
		{93A0EA11-7E52-4E7E-B85F-2B14CF640ABC}.Release|Any CPU.Build.0 = Release|Any CPU
	EndGlobalSection
EndGlobal
