
Microsoft Visual Studio Solution File, Format Version 12.00
Project("{FAE04EC0-301F-11D3-BF4B-00C04F79EFBC}") = "ClassesExample2", "ClassesExample2.csproj", "{1F1DBA85-DEE0-4D50-AA55-219B22D3F9AC}"
EndProject
Global
	GlobalSection(SolutionConfigurationPlatforms) = preSolution
		Debug|Any CPU = Debug|Any CPU
		Release|Any CPU = Release|Any CPU
	EndGlobalSection
	GlobalSection(ProjectConfigurationPlatforms) = postSolution
		{1F1DBA85-DEE0-4D50-AA55-219B22D3F9AC}.Debug|Any CPU.ActiveCfg = Debug|Any CPU
		{1F1DBA85-DEE0-4D50-AA55-219B22D3F9AC}.Debug|Any CPU.Build.0 = Debug|Any CPU
		{1F1DBA85-DEE0-4D50-AA55-219B22D3F9AC}.Release|Any CPU.ActiveCfg = Release|Any CPU
		{1F1DBA85-DEE0-4D50-AA55-219B22D3F9AC}.Release|Any CPU.Build.0 = Release|Any CPU
	EndGlobalSection
EndGlobal
