
Microsoft Visual Studio Solution File, Format Version 12.00
Project("{FAE04EC0-301F-11D3-BF4B-00C04F79EFBC}") = "SavingInterface", "SavingInterface.csproj", "{37689379-3FDF-443C-AD47-F56632501CA4}"
EndProject
Global
	GlobalSection(SolutionConfigurationPlatforms) = preSolution
		Debug|Any CPU = Debug|Any CPU
		Release|Any CPU = Release|Any CPU
	EndGlobalSection
	GlobalSection(ProjectConfigurationPlatforms) = postSolution
		{37689379-3FDF-443C-AD47-F56632501CA4}.Debug|Any CPU.ActiveCfg = Debug|Any CPU
		{37689379-3FDF-443C-AD47-F56632501CA4}.Debug|Any CPU.Build.0 = Debug|Any CPU
		{37689379-3FDF-443C-AD47-F56632501CA4}.Release|Any CPU.ActiveCfg = Release|Any CPU
		{37689379-3FDF-443C-AD47-F56632501CA4}.Release|Any CPU.Build.0 = Release|Any CPU
	EndGlobalSection
EndGlobal
