
Microsoft Visual Studio Solution File, Format Version 12.00
Project("{FAE04EC0-301F-11D3-BF4B-00C04F79EFBC}") = "InterfaceExample1", "InterfaceExample1.csproj", "{F13D4E87-3431-4BD7-ACF0-C4CB9060EFE9}"
EndProject
Global
	GlobalSection(SolutionConfigurationPlatforms) = preSolution
		Debug|Any CPU = Debug|Any CPU
		Release|Any CPU = Release|Any CPU
	EndGlobalSection
	GlobalSection(ProjectConfigurationPlatforms) = postSolution
		{F13D4E87-3431-4BD7-ACF0-C4CB9060EFE9}.Debug|Any CPU.ActiveCfg = Debug|Any CPU
		{F13D4E87-3431-4BD7-ACF0-C4CB9060EFE9}.Debug|Any CPU.Build.0 = Debug|Any CPU
		{F13D4E87-3431-4BD7-ACF0-C4CB9060EFE9}.Release|Any CPU.ActiveCfg = Release|Any CPU
		{F13D4E87-3431-4BD7-ACF0-C4CB9060EFE9}.Release|Any CPU.Build.0 = Release|Any CPU
	EndGlobalSection
EndGlobal
