
Microsoft Visual Studio Solution File, Format Version 12.00
Project("{FAE04EC0-301F-11D3-BF4B-00C04F79EFBC}") = "LearnLinq1", "LearnLinq1.csproj", "{2CBD4EF6-ED14-4B99-B85D-A16D31337B7A}"
EndProject
Global
	GlobalSection(SolutionConfigurationPlatforms) = preSolution
		Debug|Any CPU = Debug|Any CPU
		Release|Any CPU = Release|Any CPU
	EndGlobalSection
	GlobalSection(ProjectConfigurationPlatforms) = postSolution
		{2CBD4EF6-ED14-4B99-B85D-A16D31337B7A}.Debug|Any CPU.ActiveCfg = Debug|Any CPU
		{2CBD4EF6-ED14-4B99-B85D-A16D31337B7A}.Debug|Any CPU.Build.0 = Debug|Any CPU
		{2CBD4EF6-ED14-4B99-B85D-A16D31337B7A}.Release|Any CPU.ActiveCfg = Release|Any CPU
		{2CBD4EF6-ED14-4B99-B85D-A16D31337B7A}.Release|Any CPU.Build.0 = Release|Any CPU
	EndGlobalSection
EndGlobal
