
Microsoft Visual Studio Solution File, Format Version 12.00
Project("{FAE04EC0-301F-11D3-BF4B-00C04F79EFBC}") = "ProperTrueFalse", "ProperTrueFalse.csproj", "{FD7F5288-62E9-4C63-9618-1ABD505B1AD5}"
EndProject
Global
	GlobalSection(SolutionConfigurationPlatforms) = preSolution
		Debug|Any CPU = Debug|Any CPU
		Release|Any CPU = Release|Any CPU
	EndGlobalSection
	GlobalSection(ProjectConfigurationPlatforms) = postSolution
		{FD7F5288-62E9-4C63-9618-1ABD505B1AD5}.Debug|Any CPU.ActiveCfg = Debug|Any CPU
		{FD7F5288-62E9-4C63-9618-1ABD505B1AD5}.Debug|Any CPU.Build.0 = Debug|Any CPU
		{FD7F5288-62E9-4C63-9618-1ABD505B1AD5}.Release|Any CPU.ActiveCfg = Release|Any CPU
		{FD7F5288-62E9-4C63-9618-1ABD505B1AD5}.Release|Any CPU.Build.0 = Release|Any CPU
	EndGlobalSection
EndGlobal
