
Microsoft Visual Studio Solution File, Format Version 12.00
Project("{FAE04EC0-301F-11D3-BF4B-00C04F79EFBC}") = "MagicalInheritance", "MagicalInheritance.csproj", "{88238371-230C-45E3-B5CF-FD1E4C1EDD31}"
EndProject
Global
	GlobalSection(SolutionConfigurationPlatforms) = preSolution
		Debug|Any CPU = Debug|Any CPU
		Release|Any CPU = Release|Any CPU
	EndGlobalSection
	GlobalSection(ProjectConfigurationPlatforms) = postSolution
		{88238371-230C-45E3-B5CF-FD1E4C1EDD31}.Debug|Any CPU.ActiveCfg = Debug|Any CPU
		{88238371-230C-45E3-B5CF-FD1E4C1EDD31}.Debug|Any CPU.Build.0 = Debug|Any CPU
		{88238371-230C-45E3-B5CF-FD1E4C1EDD31}.Release|Any CPU.ActiveCfg = Release|Any CPU
		{88238371-230C-45E3-B5CF-FD1E4C1EDD31}.Release|Any CPU.Build.0 = Release|Any CPU
	EndGlobalSection
EndGlobal
