
Microsoft Visual Studio Solution File, Format Version 12.00
Project("{FAE04EC0-301F-11D3-BF4B-00C04F79EFBC}") = "MadLibs", "MadLibs.csproj", "{064BCAC7-AAF8-43F3-A0C8-D44CE0D648B9}"
EndProject
Global
	GlobalSection(SolutionConfigurationPlatforms) = preSolution
		Debug|Any CPU = Debug|Any CPU
		Release|Any CPU = Release|Any CPU
	EndGlobalSection
	GlobalSection(ProjectConfigurationPlatforms) = postSolution
		{064BCAC7-AAF8-43F3-A0C8-D44CE0D648B9}.Debug|Any CPU.ActiveCfg = Debug|Any CPU
		{064BCAC7-AAF8-43F3-A0C8-D44CE0D648B9}.Debug|Any CPU.Build.0 = Debug|Any CPU
		{064BCAC7-AAF8-43F3-A0C8-D44CE0D648B9}.Release|Any CPU.ActiveCfg = Release|Any CPU
		{064BCAC7-AAF8-43F3-A0C8-D44CE0D648B9}.Release|Any CPU.Build.0 = Release|Any CPU
	EndGlobalSection
EndGlobal
